
Microsoft Visual Studio Solution File, Format Version 12.00
# Visual Studio 15
VisualStudioVersion = 15.0.26228.9
MinimumVisualStudioVersion = 10.0.40219.1
Project("{9A19103F-16F7-4668-BE54-9A1E7A4F7556}") = "OpenTok", "OpenTok\OpenTok.csproj", "{EE87A0C9-C7BB-40CE-835D-41D5B9C5B8AF}"
EndProject
Project("{9A19103F-16F7-4668-BE54-9A1E7A4F7556}") = "OpenTokTest", "OpenTokTest\OpenTokTest.csproj", "{27A1D8CD-B400-43DD-B53F-878E1EF5BFFB}"
EndProject
Global
	GlobalSection(SolutionConfigurationPlatforms) = preSolution
		Debug|Any CPU = Debug|Any CPU
		Release|Any CPU = Release|Any CPU
	EndGlobalSection
	GlobalSection(ProjectConfigurationPlatforms) = postSolution
		{EE87A0C9-C7BB-40CE-835D-41D5B9C5B8AF}.Debug|Any CPU.ActiveCfg = Debug|Any CPU
		{EE87A0C9-C7BB-40CE-835D-41D5B9C5B8AF}.Debug|Any CPU.Build.0 = Debug|Any CPU
		{EE87A0C9-C7BB-40CE-835D-41D5B9C5B8AF}.Release|Any CPU.ActiveCfg = Release|Any CPU
		{EE87A0C9-C7BB-40CE-835D-41D5B9C5B8AF}.Release|Any CPU.Build.0 = Release|Any CPU
		{27A1D8CD-B400-43DD-B53F-878E1EF5BFFB}.Debug|Any CPU.ActiveCfg = Debug|Any CPU
		{27A1D8CD-B400-43DD-B53F-878E1EF5BFFB}.Debug|Any CPU.Build.0 = Debug|Any CPU
		{27A1D8CD-B400-43DD-B53F-878E1EF5BFFB}.Release|Any CPU.ActiveCfg = Release|Any CPU
		{27A1D8CD-B400-43DD-B53F-878E1EF5BFFB}.Release|Any CPU.Build.0 = Release|Any CPU
	EndGlobalSection
	GlobalSection(SolutionProperties) = preSolution
		HideSolutionNode = FALSE
	EndGlobalSection
EndGlobal
